
Microsoft Visual Studio Solution File, Format Version 12.00
# Visual Studio Version 16
VisualStudioVersion = 16.0.30503.244
MinimumVisualStudioVersion = 10.0.40219.1
Project("{FAE04EC0-301F-11D3-BF4B-00C04F79EFBC}") = "AppUI", "AppUI\AppUI.csproj", "{F979D23F-F25B-4DB7-B799-17E663B737F9}"
EndProject
Project("{FAE04EC0-301F-11D3-BF4B-00C04F79EFBC}") = "BOL", "BOL\BOL.csproj", "{31207148-9A3B-414D-867F-12C47D869D52}"
EndProject
Project("{FAE04EC0-301F-11D3-BF4B-00C04F79EFBC}") = "DAL", "DAL\DAL.csproj", "{2D823E45-420F-48A8-A99D-48B4689DDA6B}"
EndProject
Global
	GlobalSection(SolutionConfigurationPlatforms) = preSolution
		Debug|Any CPU = Debug|Any CPU
		Release|Any CPU = Release|Any CPU
	EndGlobalSection
	GlobalSection(ProjectConfigurationPlatforms) = postSolution
		{F979D23F-F25B-4DB7-B799-17E663B737F9}.Debug|Any CPU.ActiveCfg = Debug|Any CPU
		{F979D23F-F25B-4DB7-B799-17E663B737F9}.Debug|Any CPU.Build.0 = Debug|Any CPU
		{F979D23F-F25B-4DB7-B799-17E663B737F9}.Release|Any CPU.ActiveCfg = Release|Any CPU
		{F979D23F-F25B-4DB7-B799-17E663B737F9}.Release|Any CPU.Build.0 = Release|Any CPU
		{31207148-9A3B-414D-867F-12C47D869D52}.Debug|Any CPU.ActiveCfg = Debug|Any CPU
		{31207148-9A3B-414D-867F-12C47D869D52}.Debug|Any CPU.Build.0 = Debug|Any CPU
		{31207148-9A3B-414D-867F-12C47D869D52}.Release|Any CPU.ActiveCfg = Release|Any CPU
		{31207148-9A3B-414D-867F-12C47D869D52}.Release|Any CPU.Build.0 = Release|Any CPU
		{2D823E45-420F-48A8-A99D-48B4689DDA6B}.Debug|Any CPU.ActiveCfg = Debug|Any CPU
		{2D823E45-420F-48A8-A99D-48B4689DDA6B}.Debug|Any CPU.Build.0 = Debug|Any CPU
		{2D823E45-420F-48A8-A99D-48B4689DDA6B}.Release|Any CPU.ActiveCfg = Release|Any CPU
		{2D823E45-420F-48A8-A99D-48B4689DDA6B}.Release|Any CPU.Build.0 = Release|Any CPU
	EndGlobalSection
	GlobalSection(SolutionProperties) = preSolution
		HideSolutionNode = FALSE
	EndGlobalSection
	GlobalSection(ExtensibilityGlobals) = postSolution
		SolutionGuid = {B7A3431F-FDB2-44A5-BCA6-2F3D34CD3C0C}
	EndGlobalSection
EndGlobal
